
Microsoft Visual Studio Solution File, Format Version 12.00
# Visual Studio Version 17
VisualStudioVersion = 17.13.35931.197 d17.13
MinimumVisualStudioVersion = 10.0.40219.1
Project("{8BC9CEB8-8B4A-11D0-8D11-00A0C91BC942}") = "PA 9", "PA 9\PA 9.vcxproj", "{9F03B575-15B8-440E-BAEF-9FA470BEE01E}"
EndProject
Global
	GlobalSection(SolutionConfigurationPlatforms) = preSolution
		Debug|x64 = Debug|x64
		Debug|x86 = Debug|x86
		Release|x64 = Release|x64
		Release|x86 = Release|x86
	EndGlobalSection
	GlobalSection(ProjectConfigurationPlatforms) = postSolution
		{9F03B575-15B8-440E-BAEF-9FA470BEE01E}.Debug|x64.ActiveCfg = Debug|x64
		{9F03B575-15B8-440E-BAEF-9FA470BEE01E}.Debug|x64.Build.0 = Debug|x64
		{9F03B575-15B8-440E-BAEF-9FA470BEE01E}.Debug|x86.ActiveCfg = Debug|Win32
		{9F03B575-15B8-440E-BAEF-9FA470BEE01E}.Debug|x86.Build.0 = Debug|Win32
		{9F03B575-15B8-440E-BAEF-9FA470BEE01E}.Release|x64.ActiveCfg = Release|x64
		{9F03B575-15B8-440E-BAEF-9FA470BEE01E}.Release|x64.Build.0 = Release|x64
		{9F03B575-15B8-440E-BAEF-9FA470BEE01E}.Release|x86.ActiveCfg = Release|Win32
		{9F03B575-15B8-440E-BAEF-9FA470BEE01E}.Release|x86.Build.0 = Release|Win32
	EndGlobalSection
	GlobalSection(SolutionProperties) = preSolution
		HideSolutionNode = FALSE
	EndGlobalSection
	GlobalSection(ExtensibilityGlobals) = postSolution
		SolutionGuid = {8DC20D73-39E1-4726-B37E-8128B12E1AB1}
	EndGlobalSection
EndGlobal
